
Microsoft Visual Studio Solution File, Format Version 12.00
# Visual Studio 2013
VisualStudioVersion = 12.0.31101.0
MinimumVisualStudioVersion = 10.0.40219.1
Project("{FAE04EC0-301F-11D3-BF4B-00C04F79EFBC}") = "GIIS.DataLayer", "GIIS.DataLayer\GIIS.DataLayer.csproj", "{241F7080-2919-4084-AD56-DACFD85DD65E}"
EndProject
Project("{E24C65DC-7377-472B-9ABA-BC803B73C61A}") = "GIIS.Website", "http://localhost:15043", "{B42FB531-9F3C-4871-B578-675C57943A52}"
	ProjectSection(WebsiteProperties) = preProject
		SccProjectName = "SAK"
		SccAuxPath = "SAK"
		SccLocalPath = "SAK"
		SccProvider = "SAK"
		UseIISExpress = "true"
		TargetFrameworkMoniker = ".NETFramework,Version%3Dv4.5"
		ProjectReferences = "{241f7080-2919-4084-ad56-dacfd85dd65e}|GIIS.DataLayer.dll;{f2a29378-fea6-4064-ba43-a6a06c6981cf}|GIIS.BusinessLogic.dll;"
		Debug.AspNetCompiler.VirtualPath = "/localhost_15043"
		Debug.AspNetCompiler.PhysicalPath = "GIIS.Website\"
		Debug.AspNetCompiler.TargetPath = "PrecompiledWeb\localhost_15043\"
		Debug.AspNetCompiler.Updateable = "true"
		Debug.AspNetCompiler.ForceOverwrite = "true"
		Debug.AspNetCompiler.FixedNames = "false"
		Debug.AspNetCompiler.Debug = "True"
		Release.AspNetCompiler.VirtualPath = "/localhost_15043"
		Release.AspNetCompiler.PhysicalPath = "GIIS.Website\"
		Release.AspNetCompiler.TargetPath = "PrecompiledWeb\localhost_15043\"
		Release.AspNetCompiler.Updateable = "true"
		Release.AspNetCompiler.ForceOverwrite = "true"
		Release.AspNetCompiler.FixedNames = "false"
		Release.AspNetCompiler.Debug = "False"
		SlnRelativePath = "GIIS.Website\"
		DefaultWebSiteLanguage = "Visual C#"
	EndProjectSection
EndProject
Project("{FAE04EC0-301F-11D3-BF4B-00C04F79EFBC}") = "GIIS.BusinessLogic", "GIIS.BusinessLogic\GIIS.BusinessLogic.csproj", "{F2A29378-FEA6-4064-BA43-A6A06C6981CF}"
EndProject
Project("{2150E333-8FDC-42A3-9474-1A3956D46DE8}") = "Solution Items", "Solution Items", "{06C30281-CC65-4EFA-9B5E-A86ABE18D7F5}"
	ProjectSection(SolutionItems) = preProject
		..\..\..\Downloads\LICENSE.txt = ..\..\..\Downloads\LICENSE.txt
		..\..\..\Downloads\NOTICE.txt = ..\..\..\Downloads\NOTICE.txt
	EndProjectSection
EndProject
Global
	GlobalSection(SolutionConfigurationPlatforms) = preSolution
		Debug|Any CPU = Debug|Any CPU
		Release|Any CPU = Release|Any CPU
	EndGlobalSection
	GlobalSection(ProjectConfigurationPlatforms) = postSolution
		{241F7080-2919-4084-AD56-DACFD85DD65E}.Debug|Any CPU.ActiveCfg = Debug|Any CPU
		{241F7080-2919-4084-AD56-DACFD85DD65E}.Debug|Any CPU.Build.0 = Debug|Any CPU
		{241F7080-2919-4084-AD56-DACFD85DD65E}.Release|Any CPU.ActiveCfg = Release|Any CPU
		{241F7080-2919-4084-AD56-DACFD85DD65E}.Release|Any CPU.Build.0 = Release|Any CPU
		{B42FB531-9F3C-4871-B578-675C57943A52}.Debug|Any CPU.ActiveCfg = Debug|Any CPU
		{B42FB531-9F3C-4871-B578-675C57943A52}.Debug|Any CPU.Build.0 = Debug|Any CPU
		{B42FB531-9F3C-4871-B578-675C57943A52}.Release|Any CPU.ActiveCfg = Debug|Any CPU
		{B42FB531-9F3C-4871-B578-675C57943A52}.Release|Any CPU.Build.0 = Debug|Any CPU
		{F2A29378-FEA6-4064-BA43-A6A06C6981CF}.Debug|Any CPU.ActiveCfg = Debug|Any CPU
		{F2A29378-FEA6-4064-BA43-A6A06C6981CF}.Debug|Any CPU.Build.0 = Debug|Any CPU
		{F2A29378-FEA6-4064-BA43-A6A06C6981CF}.Release|Any CPU.ActiveCfg = Release|Any CPU
		{F2A29378-FEA6-4064-BA43-A6A06C6981CF}.Release|Any CPU.Build.0 = Release|Any CPU
	EndGlobalSection
	GlobalSection(SolutionProperties) = preSolution
		HideSolutionNode = FALSE
	EndGlobalSection
EndGlobal
