
Microsoft Visual Studio Solution File, Format Version 12.00
# Visual Studio 14
VisualStudioVersion = 14.0.25123.0
MinimumVisualStudioVersion = 10.0.40219.1
Project("{FAE04EC0-301F-11D3-BF4B-00C04F79EFBC}") = "GIIS.DataLayer", "GIIS.DataLayer\GIIS.DataLayer.csproj", "{241F7080-2919-4084-AD56-DACFD85DD65E}"
EndProject
Project("{FAE04EC0-301F-11D3-BF4B-00C04F79EFBC}") = "GIIS.BusinessLogic", "GIIS.BusinessLogic\GIIS.BusinessLogic.csproj", "{F2A29378-FEA6-4064-BA43-A6A06C6981CF}"
EndProject
Project("{2150E333-8FDC-42A3-9474-1A3956D46DE8}") = "Solution Items", "Solution Items", "{06C30281-CC65-4EFA-9B5E-A86ABE18D7F5}"
	ProjectSection(SolutionItems) = preProject
		HIESync\Project Items\AtnaApi.dll = HIESync\Project Items\AtnaApi.dll
		..\..\..\Downloads\LICENSE.txt = ..\..\..\Downloads\LICENSE.txt
		HIESync\Project Items\MARC.Everest.dll = HIESync\Project Items\MARC.Everest.dll
		HIESync\Project Items\MARC.Everest.Formatters.XML.Datatypes.R1.dll = HIESync\Project Items\MARC.Everest.Formatters.XML.Datatypes.R1.dll
		HIESync\Project Items\MARC.Everest.Formatters.XML.ITS1.dll = HIESync\Project Items\MARC.Everest.Formatters.XML.ITS1.dll
		HIESync\Project Items\MARC.Everest.RMIM.UV.CDAr2.dll = HIESync\Project Items\MARC.Everest.RMIM.UV.CDAr2.dll
		HIESync\Project Items\MARC.IHE.Xds.dll = HIESync\Project Items\MARC.IHE.Xds.dll
		HIESync\Project Items\MARC.IHE.Xds.dll.config = HIESync\Project Items\MARC.IHE.Xds.dll.config
		HIESync\Project Items\MohawkCollege.Util.Console.Parameters.dll = HIESync\Project Items\MohawkCollege.Util.Console.Parameters.dll
		HIESync\Project Items\Mono.Security.dll = HIESync\Project Items\Mono.Security.dll
		HIESync\Project Items\NHapi.Base.dll = HIESync\Project Items\NHapi.Base.dll
		HIESync\Project Items\NHapi.Base.xml = HIESync\Project Items\NHapi.Base.xml
		HIESync\Project Items\NHapi.Model.V231.dll = HIESync\Project Items\NHapi.Model.V231.dll
		HIESync\Project Items\NHapi.Model.V231.xml = HIESync\Project Items\NHapi.Model.V231.xml
		HIESync\Project Items\NHapi.Model.V25.dll = HIESync\Project Items\NHapi.Model.V25.dll
		HIESync\Project Items\NHapi.Model.V25.xml = HIESync\Project Items\NHapi.Model.V25.xml
		..\..\..\Downloads\NOTICE.txt = ..\..\..\Downloads\NOTICE.txt
		HIESync\Project Items\Npgsql.dll = HIESync\Project Items\Npgsql.dll
		HIESync\Project Items\Npgsql.xml = HIESync\Project Items\Npgsql.xml
	EndProjectSection
EndProject
Project("{FAE04EC0-301F-11D3-BF4B-00C04F79EFBC}") = "GIIS.BusinessLogic.Test", "GIIS.BusinessLogic.Test\GIIS.BusinessLogic.Test.csproj", "{9E218A66-1608-437C-AA39-891C6C276A8C}"
EndProject
Project("{FAE04EC0-301F-11D3-BF4B-00C04F79EFBC}") = "GIIS.DataLayer.Tests", "GIIS.DataLayer.Tests\GIIS.DataLayer.Tests.csproj", "{E42426EE-21AB-49DC-B717-6083F84AEDB3}"
EndProject
Project("{FAE04EC0-301F-11D3-BF4B-00C04F79EFBC}") = "GIIS.HIESync", "HIESync\GIIS.HIESync.csproj", "{3840A0E9-BB6A-4192-8E3C-E31760403DAE}"
EndProject
Project("{FAE04EC0-301F-11D3-BF4B-00C04F79EFBC}") = "GIIS.ScanForms.UserInterface", "GIIS.ScanForms.UserInterface\GIIS.ScanForms.UserInterface.csproj", "{3504798F-8CC9-49E2-A416-883E4C8A1FF7}"
EndProject
Project("{FAE04EC0-301F-11D3-BF4B-00C04F79EFBC}") = "GIIS.DataLayer.Contract", "GIIS.DataLayer.Contract\GIIS.DataLayer.Contract.csproj", "{2C2E16EE-A1E5-437A-9E99-7F28B395E532}"
EndProject
Project("{FAE04EC0-301F-11D3-BF4B-00C04F79EFBC}") = "Exporter", "Exporter\Exporter.csproj", "{411C2399-2402-4FC5-8421-12A2C8AB4DE6}"
EndProject
Global
	GlobalSection(SolutionConfigurationPlatforms) = preSolution
		Debug|Any CPU = Debug|Any CPU
		Release|Any CPU = Release|Any CPU
	EndGlobalSection
	GlobalSection(ProjectConfigurationPlatforms) = postSolution
		{241F7080-2919-4084-AD56-DACFD85DD65E}.Debug|Any CPU.ActiveCfg = Debug|Any CPU
		{241F7080-2919-4084-AD56-DACFD85DD65E}.Debug|Any CPU.Build.0 = Debug|Any CPU
		{241F7080-2919-4084-AD56-DACFD85DD65E}.Release|Any CPU.ActiveCfg = Release|Any CPU
		{241F7080-2919-4084-AD56-DACFD85DD65E}.Release|Any CPU.Build.0 = Release|Any CPU
		{F2A29378-FEA6-4064-BA43-A6A06C6981CF}.Debug|Any CPU.ActiveCfg = Debug|Any CPU
		{F2A29378-FEA6-4064-BA43-A6A06C6981CF}.Debug|Any CPU.Build.0 = Debug|Any CPU
		{F2A29378-FEA6-4064-BA43-A6A06C6981CF}.Release|Any CPU.ActiveCfg = Release|Any CPU
		{F2A29378-FEA6-4064-BA43-A6A06C6981CF}.Release|Any CPU.Build.0 = Release|Any CPU
		{9E218A66-1608-437C-AA39-891C6C276A8C}.Debug|Any CPU.ActiveCfg = Debug|Any CPU
		{9E218A66-1608-437C-AA39-891C6C276A8C}.Debug|Any CPU.Build.0 = Debug|Any CPU
		{9E218A66-1608-437C-AA39-891C6C276A8C}.Release|Any CPU.ActiveCfg = Release|Any CPU
		{9E218A66-1608-437C-AA39-891C6C276A8C}.Release|Any CPU.Build.0 = Release|Any CPU
		{E42426EE-21AB-49DC-B717-6083F84AEDB3}.Debug|Any CPU.ActiveCfg = Debug|Any CPU
		{E42426EE-21AB-49DC-B717-6083F84AEDB3}.Debug|Any CPU.Build.0 = Debug|Any CPU
		{E42426EE-21AB-49DC-B717-6083F84AEDB3}.Release|Any CPU.ActiveCfg = Release|Any CPU
		{E42426EE-21AB-49DC-B717-6083F84AEDB3}.Release|Any CPU.Build.0 = Release|Any CPU
		{3840A0E9-BB6A-4192-8E3C-E31760403DAE}.Debug|Any CPU.ActiveCfg = Debug|Any CPU
		{3840A0E9-BB6A-4192-8E3C-E31760403DAE}.Debug|Any CPU.Build.0 = Debug|Any CPU
		{3840A0E9-BB6A-4192-8E3C-E31760403DAE}.Release|Any CPU.ActiveCfg = Release|Any CPU
		{3840A0E9-BB6A-4192-8E3C-E31760403DAE}.Release|Any CPU.Build.0 = Release|Any CPU
		{3504798F-8CC9-49E2-A416-883E4C8A1FF7}.Debug|Any CPU.ActiveCfg = Debug|Any CPU
		{3504798F-8CC9-49E2-A416-883E4C8A1FF7}.Debug|Any CPU.Build.0 = Debug|Any CPU
		{3504798F-8CC9-49E2-A416-883E4C8A1FF7}.Release|Any CPU.ActiveCfg = Release|Any CPU
		{3504798F-8CC9-49E2-A416-883E4C8A1FF7}.Release|Any CPU.Build.0 = Release|Any CPU
		{2C2E16EE-A1E5-437A-9E99-7F28B395E532}.Debug|Any CPU.ActiveCfg = Debug|Any CPU
		{2C2E16EE-A1E5-437A-9E99-7F28B395E532}.Debug|Any CPU.Build.0 = Debug|Any CPU
		{2C2E16EE-A1E5-437A-9E99-7F28B395E532}.Release|Any CPU.ActiveCfg = Release|Any CPU
		{2C2E16EE-A1E5-437A-9E99-7F28B395E532}.Release|Any CPU.Build.0 = Release|Any CPU
		{411C2399-2402-4FC5-8421-12A2C8AB4DE6}.Debug|Any CPU.ActiveCfg = Debug|Any CPU
		{411C2399-2402-4FC5-8421-12A2C8AB4DE6}.Debug|Any CPU.Build.0 = Debug|Any CPU
		{411C2399-2402-4FC5-8421-12A2C8AB4DE6}.Release|Any CPU.ActiveCfg = Release|Any CPU
		{411C2399-2402-4FC5-8421-12A2C8AB4DE6}.Release|Any CPU.Build.0 = Release|Any CPU
	EndGlobalSection
	GlobalSection(SolutionProperties) = preSolution
		HideSolutionNode = FALSE
	EndGlobalSection
EndGlobal
